
Microsoft Visual Studio Solution File, Format Version 12.00
# Visual Studio 15
VisualStudioVersion = 15.0.27428.2027
MinimumVisualStudioVersion = 10.0.40219.1
Project("{9A19103F-16F7-4668-BE54-9A1E7A4F7556}") = "Manager.Models", "Manager.Models\Manager.Models.csproj", "{4E63FF3A-0FF5-4A38-8CCC-730F749DA84D}"
EndProject
Project("{9A19103F-16F7-4668-BE54-9A1E7A4F7556}") = "Manager.Services", "Manager.Services\Manager.Services.csproj", "{36DE6BEF-2EC9-49E5-B935-C858509CCCA1}"
EndProject
Project("{9A19103F-16F7-4668-BE54-9A1E7A4F7556}") = "Manager.Data", "Manager.Data\Manager.Data.csproj", "{6B850887-3AA9-483B-B6CA-6028C50E8928}"
EndProject
Project("{9A19103F-16F7-4668-BE54-9A1E7A4F7556}") = "Manager.ViewModels", "Manager.ViewModels\Manager.ViewModels.csproj", "{1F7D0242-3EBA-4A22-B25D-CEDDDA2634A3}"
EndProject
Project("{9A19103F-16F7-4668-BE54-9A1E7A4F7556}") = "Manager.Common", "Manager.Common\Manager.Common.csproj", "{9CD7705C-B1A2-4CD4-B12E-C2AE5D887743}"
EndProject
Project("{FAE04EC0-301F-11D3-BF4B-00C04F79EFBC}") = "Manager.Web", "Manager.Web\Manager.Web.csproj", "{5546A8C3-146D-423D-8B86-E9E0E97C89B7}"
EndProject
Global
	GlobalSection(SolutionConfigurationPlatforms) = preSolution
		Debug|Any CPU = Debug|Any CPU
		Release|Any CPU = Release|Any CPU
	EndGlobalSection
	GlobalSection(ProjectConfigurationPlatforms) = postSolution
		{4E63FF3A-0FF5-4A38-8CCC-730F749DA84D}.Debug|Any CPU.ActiveCfg = Debug|Any CPU
		{4E63FF3A-0FF5-4A38-8CCC-730F749DA84D}.Debug|Any CPU.Build.0 = Debug|Any CPU
		{4E63FF3A-0FF5-4A38-8CCC-730F749DA84D}.Release|Any CPU.ActiveCfg = Release|Any CPU
		{4E63FF3A-0FF5-4A38-8CCC-730F749DA84D}.Release|Any CPU.Build.0 = Release|Any CPU
		{36DE6BEF-2EC9-49E5-B935-C858509CCCA1}.Debug|Any CPU.ActiveCfg = Debug|Any CPU
		{36DE6BEF-2EC9-49E5-B935-C858509CCCA1}.Debug|Any CPU.Build.0 = Debug|Any CPU
		{36DE6BEF-2EC9-49E5-B935-C858509CCCA1}.Release|Any CPU.ActiveCfg = Release|Any CPU
		{36DE6BEF-2EC9-49E5-B935-C858509CCCA1}.Release|Any CPU.Build.0 = Release|Any CPU
		{6B850887-3AA9-483B-B6CA-6028C50E8928}.Debug|Any CPU.ActiveCfg = Debug|Any CPU
		{6B850887-3AA9-483B-B6CA-6028C50E8928}.Debug|Any CPU.Build.0 = Debug|Any CPU
		{6B850887-3AA9-483B-B6CA-6028C50E8928}.Release|Any CPU.ActiveCfg = Release|Any CPU
		{6B850887-3AA9-483B-B6CA-6028C50E8928}.Release|Any CPU.Build.0 = Release|Any CPU
		{1F7D0242-3EBA-4A22-B25D-CEDDDA2634A3}.Debug|Any CPU.ActiveCfg = Debug|Any CPU
		{1F7D0242-3EBA-4A22-B25D-CEDDDA2634A3}.Debug|Any CPU.Build.0 = Debug|Any CPU
		{1F7D0242-3EBA-4A22-B25D-CEDDDA2634A3}.Release|Any CPU.ActiveCfg = Release|Any CPU
		{1F7D0242-3EBA-4A22-B25D-CEDDDA2634A3}.Release|Any CPU.Build.0 = Release|Any CPU
		{9CD7705C-B1A2-4CD4-B12E-C2AE5D887743}.Debug|Any CPU.ActiveCfg = Debug|Any CPU
		{9CD7705C-B1A2-4CD4-B12E-C2AE5D887743}.Debug|Any CPU.Build.0 = Debug|Any CPU
		{9CD7705C-B1A2-4CD4-B12E-C2AE5D887743}.Release|Any CPU.ActiveCfg = Release|Any CPU
		{9CD7705C-B1A2-4CD4-B12E-C2AE5D887743}.Release|Any CPU.Build.0 = Release|Any CPU
		{5546A8C3-146D-423D-8B86-E9E0E97C89B7}.Debug|Any CPU.ActiveCfg = Debug|Any CPU
		{5546A8C3-146D-423D-8B86-E9E0E97C89B7}.Debug|Any CPU.Build.0 = Debug|Any CPU
		{5546A8C3-146D-423D-8B86-E9E0E97C89B7}.Release|Any CPU.ActiveCfg = Release|Any CPU
		{5546A8C3-146D-423D-8B86-E9E0E97C89B7}.Release|Any CPU.Build.0 = Release|Any CPU
	EndGlobalSection
	GlobalSection(SolutionProperties) = preSolution
		HideSolutionNode = FALSE
	EndGlobalSection
	GlobalSection(ExtensibilityGlobals) = postSolution
		SolutionGuid = {0AD1C443-0CD0-4D91-8E66-342D0D493548}
	EndGlobalSection
EndGlobal
