
Microsoft Visual Studio Solution File, Format Version 12.00
# Visual Studio 15
VisualStudioVersion = 15.0.27703.2035
MinimumVisualStudioVersion = 10.0.40219.1
Project("{9A19103F-16F7-4668-BE54-9A1E7A4F7556}") = "Manager.Data", "Manager.Data\Manager.Data.csproj", "{E4327332-E9B2-4C6E-AAC1-2C6B8CA3A679}"
EndProject
Project("{9A19103F-16F7-4668-BE54-9A1E7A4F7556}") = "Manager.Common", "Manager.Common\Manager.Common.csproj", "{4D786AED-5331-419B-86B6-03939479A316}"
EndProject
Project("{9A19103F-16F7-4668-BE54-9A1E7A4F7556}") = "Manager.Web", "Manager.Web\Manager.Web.csproj", "{049A4ACF-266C-49BE-B74F-EFE0E1E754AF}"
EndProject
Project("{9A19103F-16F7-4668-BE54-9A1E7A4F7556}") = "Manager.Queries", "Manager.Queries\Manager.Queries.csproj", "{8B459081-BAA8-480B-BA12-1A43F09EE717}"
EndProject
Project("{FAE04EC0-301F-11D3-BF4B-00C04F79EFBC}") = "Manager.App", "Manager.App\Manager.App.csproj", "{BF4CF716-5A8A-421E-881F-91DE93DD3833}"
EndProject
Project("{FAE04EC0-301F-11D3-BF4B-00C04F79EFBC}") = "Manager.Commands", "Manager.Commands\Manager.Commands.csproj", "{E4E463DA-54D9-4A98-8227-054E02BACF04}"
EndProject
Project("{FAE04EC0-301F-11D3-BF4B-00C04F79EFBC}") = "Manager.Domain", "Manager.Domain\Manager.Domain.csproj", "{17CCDE1D-D160-47A4-B50A-DA68AD5920B2}"
EndProject
Global
	GlobalSection(SolutionConfigurationPlatforms) = preSolution
		Debug|Any CPU = Debug|Any CPU
		Release|Any CPU = Release|Any CPU
	EndGlobalSection
	GlobalSection(ProjectConfigurationPlatforms) = postSolution
		{E4327332-E9B2-4C6E-AAC1-2C6B8CA3A679}.Debug|Any CPU.ActiveCfg = Debug|Any CPU
		{E4327332-E9B2-4C6E-AAC1-2C6B8CA3A679}.Debug|Any CPU.Build.0 = Debug|Any CPU
		{E4327332-E9B2-4C6E-AAC1-2C6B8CA3A679}.Release|Any CPU.ActiveCfg = Release|Any CPU
		{E4327332-E9B2-4C6E-AAC1-2C6B8CA3A679}.Release|Any CPU.Build.0 = Release|Any CPU
		{4D786AED-5331-419B-86B6-03939479A316}.Debug|Any CPU.ActiveCfg = Debug|Any CPU
		{4D786AED-5331-419B-86B6-03939479A316}.Debug|Any CPU.Build.0 = Debug|Any CPU
		{4D786AED-5331-419B-86B6-03939479A316}.Release|Any CPU.ActiveCfg = Release|Any CPU
		{4D786AED-5331-419B-86B6-03939479A316}.Release|Any CPU.Build.0 = Release|Any CPU
		{049A4ACF-266C-49BE-B74F-EFE0E1E754AF}.Debug|Any CPU.ActiveCfg = Debug|Any CPU
		{049A4ACF-266C-49BE-B74F-EFE0E1E754AF}.Debug|Any CPU.Build.0 = Debug|Any CPU
		{049A4ACF-266C-49BE-B74F-EFE0E1E754AF}.Release|Any CPU.ActiveCfg = Release|Any CPU
		{049A4ACF-266C-49BE-B74F-EFE0E1E754AF}.Release|Any CPU.Build.0 = Release|Any CPU
		{8B459081-BAA8-480B-BA12-1A43F09EE717}.Debug|Any CPU.ActiveCfg = Debug|Any CPU
		{8B459081-BAA8-480B-BA12-1A43F09EE717}.Debug|Any CPU.Build.0 = Debug|Any CPU
		{8B459081-BAA8-480B-BA12-1A43F09EE717}.Release|Any CPU.ActiveCfg = Release|Any CPU
		{8B459081-BAA8-480B-BA12-1A43F09EE717}.Release|Any CPU.Build.0 = Release|Any CPU
		{BF4CF716-5A8A-421E-881F-91DE93DD3833}.Debug|Any CPU.ActiveCfg = Debug|Any CPU
		{BF4CF716-5A8A-421E-881F-91DE93DD3833}.Debug|Any CPU.Build.0 = Debug|Any CPU
		{BF4CF716-5A8A-421E-881F-91DE93DD3833}.Release|Any CPU.ActiveCfg = Release|Any CPU
		{BF4CF716-5A8A-421E-881F-91DE93DD3833}.Release|Any CPU.Build.0 = Release|Any CPU
		{E4E463DA-54D9-4A98-8227-054E02BACF04}.Debug|Any CPU.ActiveCfg = Debug|Any CPU
		{E4E463DA-54D9-4A98-8227-054E02BACF04}.Debug|Any CPU.Build.0 = Debug|Any CPU
		{E4E463DA-54D9-4A98-8227-054E02BACF04}.Release|Any CPU.ActiveCfg = Release|Any CPU
		{E4E463DA-54D9-4A98-8227-054E02BACF04}.Release|Any CPU.Build.0 = Release|Any CPU
		{17CCDE1D-D160-47A4-B50A-DA68AD5920B2}.Debug|Any CPU.ActiveCfg = Debug|Any CPU
		{17CCDE1D-D160-47A4-B50A-DA68AD5920B2}.Debug|Any CPU.Build.0 = Debug|Any CPU
		{17CCDE1D-D160-47A4-B50A-DA68AD5920B2}.Release|Any CPU.ActiveCfg = Release|Any CPU
		{17CCDE1D-D160-47A4-B50A-DA68AD5920B2}.Release|Any CPU.Build.0 = Release|Any CPU
	EndGlobalSection
	GlobalSection(SolutionProperties) = preSolution
		HideSolutionNode = FALSE
	EndGlobalSection
	GlobalSection(ExtensibilityGlobals) = postSolution
		SolutionGuid = {C456FDD8-75E8-49C1-A01F-F1BDD86D9DA1}
	EndGlobalSection
EndGlobal
