
Microsoft Visual Studio Solution File, Format Version 12.00
# Visual Studio 15
VisualStudioVersion = 15.0.27130.2036
MinimumVisualStudioVersion = 10.0.40219.1
Project("{FAE04EC0-301F-11D3-BF4B-00C04F79EFBC}") = "Manager.Common", "Manager.Common\Manager.Common.csproj", "{25F24CBC-74FC-4C90-A7AF-5B661E6B7326}"
EndProject
Project("{FAE04EC0-301F-11D3-BF4B-00C04F79EFBC}") = "Manager.Data", "Manager.Data\Manager.Data.csproj", "{78B18061-7D11-4375-9BAA-F9FA672230BF}"
EndProject
Project("{FAE04EC0-301F-11D3-BF4B-00C04F79EFBC}") = "Manager.Models", "Manager.Models\Manager.Models.csproj", "{926BBD94-6D45-4AB3-BC9B-D67B60F76985}"
EndProject
Project("{FAE04EC0-301F-11D3-BF4B-00C04F79EFBC}") = "Manager.Service", "Manager.Service\Manager.Service.csproj", "{37FA6FCD-3E3B-40E2-B590-281B0C1C317C}"
EndProject
Project("{FAE04EC0-301F-11D3-BF4B-00C04F79EFBC}") = "Manager.Service.Tests", "Manager.Service.Tests\Manager.Service.Tests.csproj", "{C7039E91-76D0-4C6E-95DC-F58417137E49}"
EndProject
Project("{FAE04EC0-301F-11D3-BF4B-00C04F79EFBC}") = "Manager.Web", "Manager.Web\Manager.Web.csproj", "{411E7753-F818-448B-A632-377044FF49EC}"
EndProject
Global
	GlobalSection(SolutionConfigurationPlatforms) = preSolution
		Debug|Any CPU = Debug|Any CPU
		Release|Any CPU = Release|Any CPU
	EndGlobalSection
	GlobalSection(ProjectConfigurationPlatforms) = postSolution
		{25F24CBC-74FC-4C90-A7AF-5B661E6B7326}.Debug|Any CPU.ActiveCfg = Debug|Any CPU
		{25F24CBC-74FC-4C90-A7AF-5B661E6B7326}.Debug|Any CPU.Build.0 = Debug|Any CPU
		{25F24CBC-74FC-4C90-A7AF-5B661E6B7326}.Release|Any CPU.ActiveCfg = Release|Any CPU
		{25F24CBC-74FC-4C90-A7AF-5B661E6B7326}.Release|Any CPU.Build.0 = Release|Any CPU
		{78B18061-7D11-4375-9BAA-F9FA672230BF}.Debug|Any CPU.ActiveCfg = Debug|Any CPU
		{78B18061-7D11-4375-9BAA-F9FA672230BF}.Debug|Any CPU.Build.0 = Debug|Any CPU
		{78B18061-7D11-4375-9BAA-F9FA672230BF}.Release|Any CPU.ActiveCfg = Release|Any CPU
		{78B18061-7D11-4375-9BAA-F9FA672230BF}.Release|Any CPU.Build.0 = Release|Any CPU
		{926BBD94-6D45-4AB3-BC9B-D67B60F76985}.Debug|Any CPU.ActiveCfg = Debug|Any CPU
		{926BBD94-6D45-4AB3-BC9B-D67B60F76985}.Debug|Any CPU.Build.0 = Debug|Any CPU
		{926BBD94-6D45-4AB3-BC9B-D67B60F76985}.Release|Any CPU.ActiveCfg = Release|Any CPU
		{926BBD94-6D45-4AB3-BC9B-D67B60F76985}.Release|Any CPU.Build.0 = Release|Any CPU
		{37FA6FCD-3E3B-40E2-B590-281B0C1C317C}.Debug|Any CPU.ActiveCfg = Debug|Any CPU
		{37FA6FCD-3E3B-40E2-B590-281B0C1C317C}.Debug|Any CPU.Build.0 = Debug|Any CPU
		{37FA6FCD-3E3B-40E2-B590-281B0C1C317C}.Release|Any CPU.ActiveCfg = Release|Any CPU
		{37FA6FCD-3E3B-40E2-B590-281B0C1C317C}.Release|Any CPU.Build.0 = Release|Any CPU
		{C7039E91-76D0-4C6E-95DC-F58417137E49}.Debug|Any CPU.ActiveCfg = Debug|Any CPU
		{C7039E91-76D0-4C6E-95DC-F58417137E49}.Debug|Any CPU.Build.0 = Debug|Any CPU
		{C7039E91-76D0-4C6E-95DC-F58417137E49}.Release|Any CPU.ActiveCfg = Release|Any CPU
		{C7039E91-76D0-4C6E-95DC-F58417137E49}.Release|Any CPU.Build.0 = Release|Any CPU
		{411E7753-F818-448B-A632-377044FF49EC}.Debug|Any CPU.ActiveCfg = Debug|Any CPU
		{411E7753-F818-448B-A632-377044FF49EC}.Debug|Any CPU.Build.0 = Debug|Any CPU
		{411E7753-F818-448B-A632-377044FF49EC}.Release|Any CPU.ActiveCfg = Release|Any CPU
		{411E7753-F818-448B-A632-377044FF49EC}.Release|Any CPU.Build.0 = Release|Any CPU
	EndGlobalSection
	GlobalSection(SolutionProperties) = preSolution
		HideSolutionNode = FALSE
	EndGlobalSection
	GlobalSection(ExtensibilityGlobals) = postSolution
		SolutionGuid = {D5020E8F-E093-4CC0-B5E2-93AAE42CBEA8}
	EndGlobalSection
EndGlobal
