
Microsoft Visual Studio Solution File, Format Version 12.00
# Visual Studio 15
VisualStudioVersion = 15.0.28010.2050
MinimumVisualStudioVersion = 10.0.40219.1
Project("{9A19103F-16F7-4668-BE54-9A1E7A4F7556}") = "MatchaLatte.Common", "MatchaLatte.Common\MatchaLatte.Common.csproj", "{3B79C7CF-6255-44E8-9635-0F0AE09D5CCE}"
EndProject
Project("{2150E333-8FDC-42A3-9474-1A3956D46DE8}") = "MatchaLatte.Ordering", "MatchaLatte.Ordering", "{F88BC152-0308-4842-8699-AF20E9B40573}"
EndProject
Project("{9A19103F-16F7-4668-BE54-9A1E7A4F7556}") = "MatchaLatte.Ordering.Api", "MatchaLatte.Ordering.Api\MatchaLatte.Ordering.Api.csproj", "{33E194A6-8A9D-4A1B-911D-453716EFC742}"
EndProject
Project("{9A19103F-16F7-4668-BE54-9A1E7A4F7556}") = "MatchaLatte.Ordering.App", "MatchaLatte.Ordering.App\MatchaLatte.Ordering.App.csproj", "{00A781D6-9A36-4EF5-BCA2-2E3581BDFBD0}"
EndProject
Project("{9A19103F-16F7-4668-BE54-9A1E7A4F7556}") = "MatchaLatte.Ordering.Commands", "MatchaLatte.Ordering.Commands\MatchaLatte.Ordering.Commands.csproj", "{B0C96208-CB9A-4819-B028-E06796D5B957}"
EndProject
Project("{9A19103F-16F7-4668-BE54-9A1E7A4F7556}") = "MatchaLatte.Ordering.Data", "MatchaLatte.Ordering.Data\MatchaLatte.Ordering.Data.csproj", "{FFD3472B-7FC0-44DD-B6CF-6D02A3CD56FF}"
EndProject
Project("{9A19103F-16F7-4668-BE54-9A1E7A4F7556}") = "MatchaLatte.Ordering.Domain", "MatchaLatte.Ordering.Domain\MatchaLatte.Ordering.Domain.csproj", "{0599D21D-FD41-435F-887C-F4FB0D0AAEAB}"
EndProject
Project("{9A19103F-16F7-4668-BE54-9A1E7A4F7556}") = "MatchaLatte.Ordering.Queries", "MatchaLatte.Ordering.Queries\MatchaLatte.Ordering.Queries.csproj", "{8E1C6031-92D8-49FB-9D38-95F9F61A1959}"
EndProject
Project("{2150E333-8FDC-42A3-9474-1A3956D46DE8}") = "MatchaLatte.Identity", "MatchaLatte.Identity", "{9E8B29AA-C198-4545-8F1A-1EA478E172F5}"
EndProject
Project("{9A19103F-16F7-4668-BE54-9A1E7A4F7556}") = "MatchaLatte.Identity.Api", "MatchaLatte.Identity.Api\MatchaLatte.Identity.Api.csproj", "{89529690-CAB3-45CB-A15E-77FE745BBCEE}"
EndProject
Project("{9A19103F-16F7-4668-BE54-9A1E7A4F7556}") = "MatchaLatte.Identity.App", "MatchaLatte.Identity.App\MatchaLatte.Identity.App.csproj", "{895C3A23-0EBC-4C71-AB83-87A44FFA3926}"
EndProject
Project("{9A19103F-16F7-4668-BE54-9A1E7A4F7556}") = "MatchaLatte.Identity.Data", "MatchaLatte.Identity.Data\MatchaLatte.Identity.Data.csproj", "{3E42CF65-8913-4E08-B5A1-3F2009945D7C}"
EndProject
Project("{9A19103F-16F7-4668-BE54-9A1E7A4F7556}") = "MatchaLatte.Identity.Domain", "MatchaLatte.Identity.Domain\MatchaLatte.Identity.Domain.csproj", "{DC88B3ED-231E-4869-9C57-5575B9758C06}"
EndProject
Project("{9A19103F-16F7-4668-BE54-9A1E7A4F7556}") = "MatchaLatte.Identity.Services", "MatchaLatte.Identity.Services\MatchaLatte.Identity.Services.csproj", "{C2719ECA-5040-41AE-B2D3-3326A8CF35D1}"
EndProject
Project("{E53339B2-1760-4266-BCC7-CA923CBCF16C}") = "docker-compose", "docker-compose.dcproj", "{800861D2-24DF-4DF3-8173-A0B860CDDDB6}"
EndProject
Global
	GlobalSection(SolutionConfigurationPlatforms) = preSolution
		Debug|Any CPU = Debug|Any CPU
		Release|Any CPU = Release|Any CPU
	EndGlobalSection
	GlobalSection(ProjectConfigurationPlatforms) = postSolution
		{3B79C7CF-6255-44E8-9635-0F0AE09D5CCE}.Debug|Any CPU.ActiveCfg = Debug|Any CPU
		{3B79C7CF-6255-44E8-9635-0F0AE09D5CCE}.Debug|Any CPU.Build.0 = Debug|Any CPU
		{3B79C7CF-6255-44E8-9635-0F0AE09D5CCE}.Release|Any CPU.ActiveCfg = Release|Any CPU
		{3B79C7CF-6255-44E8-9635-0F0AE09D5CCE}.Release|Any CPU.Build.0 = Release|Any CPU
		{33E194A6-8A9D-4A1B-911D-453716EFC742}.Debug|Any CPU.ActiveCfg = Debug|Any CPU
		{33E194A6-8A9D-4A1B-911D-453716EFC742}.Debug|Any CPU.Build.0 = Debug|Any CPU
		{33E194A6-8A9D-4A1B-911D-453716EFC742}.Release|Any CPU.ActiveCfg = Release|Any CPU
		{33E194A6-8A9D-4A1B-911D-453716EFC742}.Release|Any CPU.Build.0 = Release|Any CPU
		{00A781D6-9A36-4EF5-BCA2-2E3581BDFBD0}.Debug|Any CPU.ActiveCfg = Debug|Any CPU
		{00A781D6-9A36-4EF5-BCA2-2E3581BDFBD0}.Debug|Any CPU.Build.0 = Debug|Any CPU
		{00A781D6-9A36-4EF5-BCA2-2E3581BDFBD0}.Release|Any CPU.ActiveCfg = Release|Any CPU
		{00A781D6-9A36-4EF5-BCA2-2E3581BDFBD0}.Release|Any CPU.Build.0 = Release|Any CPU
		{B0C96208-CB9A-4819-B028-E06796D5B957}.Debug|Any CPU.ActiveCfg = Debug|Any CPU
		{B0C96208-CB9A-4819-B028-E06796D5B957}.Debug|Any CPU.Build.0 = Debug|Any CPU
		{B0C96208-CB9A-4819-B028-E06796D5B957}.Release|Any CPU.ActiveCfg = Release|Any CPU
		{B0C96208-CB9A-4819-B028-E06796D5B957}.Release|Any CPU.Build.0 = Release|Any CPU
		{FFD3472B-7FC0-44DD-B6CF-6D02A3CD56FF}.Debug|Any CPU.ActiveCfg = Debug|Any CPU
		{FFD3472B-7FC0-44DD-B6CF-6D02A3CD56FF}.Debug|Any CPU.Build.0 = Debug|Any CPU
		{FFD3472B-7FC0-44DD-B6CF-6D02A3CD56FF}.Release|Any CPU.ActiveCfg = Release|Any CPU
		{FFD3472B-7FC0-44DD-B6CF-6D02A3CD56FF}.Release|Any CPU.Build.0 = Release|Any CPU
		{0599D21D-FD41-435F-887C-F4FB0D0AAEAB}.Debug|Any CPU.ActiveCfg = Debug|Any CPU
		{0599D21D-FD41-435F-887C-F4FB0D0AAEAB}.Debug|Any CPU.Build.0 = Debug|Any CPU
		{0599D21D-FD41-435F-887C-F4FB0D0AAEAB}.Release|Any CPU.ActiveCfg = Release|Any CPU
		{0599D21D-FD41-435F-887C-F4FB0D0AAEAB}.Release|Any CPU.Build.0 = Release|Any CPU
		{8E1C6031-92D8-49FB-9D38-95F9F61A1959}.Debug|Any CPU.ActiveCfg = Debug|Any CPU
		{8E1C6031-92D8-49FB-9D38-95F9F61A1959}.Debug|Any CPU.Build.0 = Debug|Any CPU
		{8E1C6031-92D8-49FB-9D38-95F9F61A1959}.Release|Any CPU.ActiveCfg = Release|Any CPU
		{8E1C6031-92D8-49FB-9D38-95F9F61A1959}.Release|Any CPU.Build.0 = Release|Any CPU
		{89529690-CAB3-45CB-A15E-77FE745BBCEE}.Debug|Any CPU.ActiveCfg = Debug|Any CPU
		{89529690-CAB3-45CB-A15E-77FE745BBCEE}.Debug|Any CPU.Build.0 = Debug|Any CPU
		{89529690-CAB3-45CB-A15E-77FE745BBCEE}.Release|Any CPU.ActiveCfg = Release|Any CPU
		{89529690-CAB3-45CB-A15E-77FE745BBCEE}.Release|Any CPU.Build.0 = Release|Any CPU
		{895C3A23-0EBC-4C71-AB83-87A44FFA3926}.Debug|Any CPU.ActiveCfg = Debug|Any CPU
		{895C3A23-0EBC-4C71-AB83-87A44FFA3926}.Debug|Any CPU.Build.0 = Debug|Any CPU
		{895C3A23-0EBC-4C71-AB83-87A44FFA3926}.Release|Any CPU.ActiveCfg = Release|Any CPU
		{895C3A23-0EBC-4C71-AB83-87A44FFA3926}.Release|Any CPU.Build.0 = Release|Any CPU
		{3E42CF65-8913-4E08-B5A1-3F2009945D7C}.Debug|Any CPU.ActiveCfg = Debug|Any CPU
		{3E42CF65-8913-4E08-B5A1-3F2009945D7C}.Debug|Any CPU.Build.0 = Debug|Any CPU
		{3E42CF65-8913-4E08-B5A1-3F2009945D7C}.Release|Any CPU.ActiveCfg = Release|Any CPU
		{3E42CF65-8913-4E08-B5A1-3F2009945D7C}.Release|Any CPU.Build.0 = Release|Any CPU
		{DC88B3ED-231E-4869-9C57-5575B9758C06}.Debug|Any CPU.ActiveCfg = Debug|Any CPU
		{DC88B3ED-231E-4869-9C57-5575B9758C06}.Debug|Any CPU.Build.0 = Debug|Any CPU
		{DC88B3ED-231E-4869-9C57-5575B9758C06}.Release|Any CPU.ActiveCfg = Release|Any CPU
		{DC88B3ED-231E-4869-9C57-5575B9758C06}.Release|Any CPU.Build.0 = Release|Any CPU
		{C2719ECA-5040-41AE-B2D3-3326A8CF35D1}.Debug|Any CPU.ActiveCfg = Debug|Any CPU
		{C2719ECA-5040-41AE-B2D3-3326A8CF35D1}.Debug|Any CPU.Build.0 = Debug|Any CPU
		{C2719ECA-5040-41AE-B2D3-3326A8CF35D1}.Release|Any CPU.ActiveCfg = Release|Any CPU
		{C2719ECA-5040-41AE-B2D3-3326A8CF35D1}.Release|Any CPU.Build.0 = Release|Any CPU
		{800861D2-24DF-4DF3-8173-A0B860CDDDB6}.Debug|Any CPU.ActiveCfg = Debug|Any CPU
		{800861D2-24DF-4DF3-8173-A0B860CDDDB6}.Debug|Any CPU.Build.0 = Debug|Any CPU
		{800861D2-24DF-4DF3-8173-A0B860CDDDB6}.Release|Any CPU.ActiveCfg = Release|Any CPU
		{800861D2-24DF-4DF3-8173-A0B860CDDDB6}.Release|Any CPU.Build.0 = Release|Any CPU
	EndGlobalSection
	GlobalSection(SolutionProperties) = preSolution
		HideSolutionNode = FALSE
	EndGlobalSection
	GlobalSection(NestedProjects) = preSolution
		{33E194A6-8A9D-4A1B-911D-453716EFC742} = {F88BC152-0308-4842-8699-AF20E9B40573}
		{00A781D6-9A36-4EF5-BCA2-2E3581BDFBD0} = {F88BC152-0308-4842-8699-AF20E9B40573}
		{B0C96208-CB9A-4819-B028-E06796D5B957} = {F88BC152-0308-4842-8699-AF20E9B40573}
		{FFD3472B-7FC0-44DD-B6CF-6D02A3CD56FF} = {F88BC152-0308-4842-8699-AF20E9B40573}
		{0599D21D-FD41-435F-887C-F4FB0D0AAEAB} = {F88BC152-0308-4842-8699-AF20E9B40573}
		{8E1C6031-92D8-49FB-9D38-95F9F61A1959} = {F88BC152-0308-4842-8699-AF20E9B40573}
		{89529690-CAB3-45CB-A15E-77FE745BBCEE} = {9E8B29AA-C198-4545-8F1A-1EA478E172F5}
		{895C3A23-0EBC-4C71-AB83-87A44FFA3926} = {9E8B29AA-C198-4545-8F1A-1EA478E172F5}
		{3E42CF65-8913-4E08-B5A1-3F2009945D7C} = {9E8B29AA-C198-4545-8F1A-1EA478E172F5}
		{DC88B3ED-231E-4869-9C57-5575B9758C06} = {9E8B29AA-C198-4545-8F1A-1EA478E172F5}
		{C2719ECA-5040-41AE-B2D3-3326A8CF35D1} = {9E8B29AA-C198-4545-8F1A-1EA478E172F5}
	EndGlobalSection
	GlobalSection(ExtensibilityGlobals) = postSolution
		SolutionGuid = {C764FA00-239B-4498-9C1B-6B93EE1F4393}
	EndGlobalSection
EndGlobal
